<?xml version="1.0" encoding="utf-8"?>
<Project ToolsVersion="4.0" xmlns="http://schemas.microsoft.com/developer/msbuild/2003">
  <ItemGroup>
    <Filter Include="源文件">
      <UniqueIdentifier>{4FC737F1-C7A5-4376-A066-2A32D752A2FF}</UniqueIdentifier>
      <Extensions>cpp;c;cc;cxx;def;odl;idl;hpj;bat;asm;asmx</Extensions>
    </Filter>
    <Filter Include="头文件">
      <UniqueIdentifier>{93995380-89BD-4b04-88EB-625FBE52EBFB}</UniqueIdentifier>
      <Extensions>h;hh;hpp;hxx;hm;inl;inc;xsd</Extensions>
    </Filter>
    <Filter Include="资源文件">
      <UniqueIdentifier>{67DA6AB6-F800-4c08-8B7A-83BB121AAD01}</UniqueIdentifier>
      <Extensions>rc;ico;cur;bmp;dlg;rc2;rct;bin;rgs;gif;jpg;jpeg;jpe;resx;tiff;tif;png;wav;mfcribbon-ms</Extensions>
    </Filter>
    <Filter Include="Public API">
      <UniqueIdentifier>{d9422982-f1c6-42bf-8f9d-62afa1e4b8d2}</UniqueIdentifier>
    </Filter>
    <Filter Include="Public API\Core">
      <UniqueIdentifier>{8f93f8a6-e8c5-4ca9-a3ba-6888d6c6dfca}</UniqueIdentifier>
    </Filter>
    <Filter Include="源文件\Core">
      <UniqueIdentifier>{bd94643a-a953-44bc-88ae-c1ab33b16290}</UniqueIdentifier>
    </Filter>
    <Filter Include="Public API\Utils">
      <UniqueIdentifier>{68720b33-dc33-44ce-93d7-4bc930fda3b3}</UniqueIdentifier>
    </Filter>
    <Filter Include="源文件\Utils">
      <UniqueIdentifier>{1b078d2b-18e5-42db-b787-a79f26dfc25f}</UniqueIdentifier>
    </Filter>
  </ItemGroup>
  <ItemGroup>
    <Text Include="ReadMe.txt" />
  </ItemGroup>
  <ItemGroup>
    <ClInclude Include="stdafx.h">
      <Filter>头文件</Filter>
    </ClInclude>
    <ClInclude Include="targetver.h">
      <Filter>头文件</Filter>
    </ClInclude>
    <ClInclude Include="..\..\include\Core\UIManager.h">
      <Filter>Public API\Core</Filter>
    </ClInclude>
    <ClInclude Include="..\..\include\Core\UIControl.h">
      <Filter>Public API\Core</Filter>
    </ClInclude>
    <ClInclude Include="..\..\include\Core\UIContainer.h">
      <Filter>Public API\Core</Filter>
    </ClInclude>
    <ClInclude Include="..\..\include\Core\UIRender.h">
      <Filter>Public API\Core</Filter>
    </ClInclude>
    <ClInclude Include="..\..\include\Core\UIBase.h">
      <Filter>Public API\Core</Filter>
    </ClInclude>
    <ClInclude Include="..\..\include\UIlib.h">
      <Filter>Public API</Filter>
    </ClInclude>
    <ClInclude Include="..\..\include\Utils\Utils.h">
      <Filter>Public API\Utils</Filter>
    </ClInclude>
  </ItemGroup>
  <ItemGroup>
    <ClCompile Include="stdafx.cpp">
      <Filter>源文件</Filter>
    </ClCompile>
    <ClCompile Include="dllmain.cpp">
      <Filter>源文件</Filter>
    </ClCompile>
    <ClCompile Include="Core\UIManager.cpp">
      <Filter>源文件\Core</Filter>
    </ClCompile>
    <ClCompile Include="Utils\Utils.cpp">
      <Filter>源文件\Utils</Filter>
    </ClCompile>
  </ItemGroup>
</Project>